PODS:
  - AWSAuthCore (2.12.0):
    - AWSCore (= 2.12.0)
  - AWSCognito (2.12.0):
    - AWSCore (= 2.12.0)
  - AWSCognitoAuth (2.12.0):
    - AWSCognitoIdentityProviderASF (= 1.0.1)
  - AWSCognitoIdentityProvider (2.12.0):
    - AWSCognitoIdentityProviderASF (= 1.0.1)
    - AWSCore (= 2.12.0)
  - AWSCognitoIdentityProviderASF (1.0.1)
  - AWSCore (2.12.0)
  - AWSUserPoolsSignIn (2.12.0):
    - AWSAuthCore (= 2.12.0)
    - AWSCognitoIdentityProvider (= 2.12.0)
  - CognitoWrapper (1.0.5):
    - AWSCognito
    - AWSCognitoAuth
    - AWSCognitoIdentityProvider
    - AWSUserPoolsSignIn
    - EitherResult
  - EitherResult (0.1.5)

DEPENDENCIES:
  - CognitoWrapper (from `../`)

SPEC REPOS:
  trunk:
    - AWSAuthCore
    - AWSCognito
    - AWSCognitoAuth
    - AWSCognitoIdentityProvider
    - AWSCognitoIdentityProviderASF
    - AWSCore
    - AWSUserPoolsSignIn
    - EitherResult

EXTERNAL SOURCES:
  CognitoWrapper:
    :path: "../"

SPEC CHECKSUMS:
  AWSAuthCore: 547617e1ed76a699b56018105133e23f0fddc8e2
  AWSCognito: 298d5ac707abe701025361ac925063601d18f23e
  AWSCognitoAuth: 60a0fdbacb0e25028b53783066b90c50ff2a90c1
  AWSCognitoIdentityProvider: a4a37ca74ecce30ec534647e6aae89c7aff3348c
  AWSCognitoIdentityProviderASF: f94f1a502e72ef3d0a1de93e10bf7a79c8698118
  AWSCore: 6573232b6b4339ce0ffcf8abd4215a412488f71f
  AWSUserPoolsSignIn: 070293a3e73401bbc35fc639244b555b9d9f1aa8
  CognitoWrapper: 115789dade7dab17be30adb928c14e21013ef97d
  EitherResult: 9a67a8cd25fa6d6f8ded0e7304ea2eb302bcbbc8

PODFILE CHECKSUM: 215856ddf8af0e5baaf4c31f12f55218d85a9bc7

COCOAPODS: 1.8.3
