PODS:
  - AWSAuthCore (2.7.3):
    - AWSCore (= 2.7.3)
  - AWSCognito (2.7.3):
    - AWSCore (= 2.7.3)
  - AWSCognitoAuth (2.7.3):
    - AWSCognitoIdentityProviderASF (= 1.0.1)
  - AWSCognitoIdentityProvider (2.7.3):
    - AWSCognitoIdentityProviderASF (= 1.0.1)
    - AWSCore (= 2.7.3)
  - AWSCognitoIdentityProviderASF (1.0.1)
  - AWSCore (2.7.3)
  - AWSUserPoolsSignIn (2.7.3):
    - AWSAuthCore (= 2.7.3)
    - AWSCognitoIdentityProvider (= 2.7.3)
  - CognitoWrapper (0.1.0):
    - AWSCognito
    - AWSCognitoAuth
    - AWSCognitoIdentityProvider
    - AWSUserPoolsSignIn
    - EitherResult
  - EitherResult (0.1.1)

DEPENDENCIES:
  - CognitoWrapper (from `../`)
  - EitherResult

SPEC REPOS:
  https://github.com/CocoaPods/Specs.git:
    - AWSAuthCore
    - AWSCognito
    - AWSCognitoAuth
    - AWSCognitoIdentityProvider
    - AWSCognitoIdentityProviderASF
    - AWSCore
    - AWSUserPoolsSignIn
    - EitherResult

EXTERNAL SOURCES:
  CognitoWrapper:
    :path: "../"

SPEC CHECKSUMS:
  AWSAuthCore: 19d443295e3ff94154e7837311c9189fa70ac675
  AWSCognito: 498ea00401cfd684616f8a747396d95fd750fb5a
  AWSCognitoAuth: f5dc89a12d594a206022099ddd58d5ace47848fe
  AWSCognitoIdentityProvider: f18f6bf32c22b2a8597f5290f850ce20711dcb2f
  AWSCognitoIdentityProviderASF: f94f1a502e72ef3d0a1de93e10bf7a79c8698118
  AWSCore: 02d9ae2b6c2aaba6077fee2b09b0a62fb9b80282
  AWSUserPoolsSignIn: e50f3e478c41cbc117b723d992f1491fb1154d6a
  CognitoWrapper: 13c33fa9acde84e08969a398976b2ac85e4e8ca8
  EitherResult: 0bf571519cb31eaf8de1c4c5c5a4869516df10b0

PODFILE CHECKSUM: f59d9b1d5315edd581e885419cde94f441c9fc37

COCOAPODS: 1.5.0
