PODS:
  - AWSAuthCore (2.9.8):
    - AWSCore (= 2.9.8)
  - AWSCognito (2.9.8):
    - AWSCore (= 2.9.8)
  - AWSCognitoAuth (2.9.8):
    - AWSCognitoIdentityProviderASF (= 1.0.1)
  - AWSCognitoIdentityProvider (2.9.8):
    - AWSCognitoIdentityProviderASF (= 1.0.1)
    - AWSCore (= 2.9.8)
  - AWSCognitoIdentityProviderASF (1.0.1)
  - AWSCore (2.9.8)
  - AWSUserPoolsSignIn (2.9.8):
    - AWSAuthCore (= 2.9.8)
    - AWSCognitoIdentityProvider (= 2.9.8)
  - CognitoWrapper (1.0.3):
    - AWSCognito
    - AWSCognitoAuth
    - AWSCognitoIdentityProvider
    - AWSUserPoolsSignIn
    - EitherResult
  - EitherResult (0.1.5)

DEPENDENCIES:
  - CognitoWrapper (from `../`)

SPEC REPOS:
  https://github.com/cocoapods/specs.git:
    - AWSAuthCore
    - AWSCognito
    - AWSCognitoAuth
    - AWSCognitoIdentityProvider
    - AWSCognitoIdentityProviderASF
    - AWSCore
    - AWSUserPoolsSignIn
    - EitherResult

EXTERNAL SOURCES:
  CognitoWrapper:
    :path: "../"

SPEC CHECKSUMS:
  AWSAuthCore: 7ebbe523f28149a1706e7ec1736203cdaaeba380
  AWSCognito: b9890c55e85fba46fd9695192ab64420abbc4328
  AWSCognitoAuth: 91549d0480307a3008469cf9ab30029f77037089
  AWSCognitoIdentityProvider: 738b488930eca71cbaa91ac53764b146e90a6650
  AWSCognitoIdentityProviderASF: f94f1a502e72ef3d0a1de93e10bf7a79c8698118
  AWSCore: 5da86c5afde44a87b06a2df50601bca81a8cee13
  AWSUserPoolsSignIn: 127aebb7fd668b4e897063c34356f9e25a576b84
  CognitoWrapper: 3be4cd7482ac250144e6aaca4c3864ffa9764226
  EitherResult: 9a67a8cd25fa6d6f8ded0e7304ea2eb302bcbbc8

PODFILE CHECKSUM: 215856ddf8af0e5baaf4c31f12f55218d85a9bc7

COCOAPODS: 1.6.1
